<?xml version="1.0" encoding="utf-8"?>
<Project ToolsVersion="4.0" xmlns="http://schemas.microsoft.com/developer/msbuild/2003">
  <ItemGroup>
    <Filter Include="Source Files">
      <UniqueIdentifier>{4FC737F1-C7A5-4376-A066-2A32D752A2FF}</UniqueIdentifier>
      <Extensions>cpp;c;cc;cxx;c++;cppm;ixx;def;odl;idl;hpj;bat;asm;asmx</Extensions>
    </Filter>
  </ItemGroup>
  <ItemGroup>
    <ClInclude Include="Application.h">
      <Filter>Source Files</Filter>
    </ClInclude>
    <ClInclude Include="Camera.h">
      <Filter>Source Files</Filter>
    </ClInclude>
    <ClInclude Include="Common.h">
      <Filter>Source Files</Filter>
    </ClInclude>
    <ClInclude Include="D3D.h">
      <Filter>Source Files</Filter>
    </ClInclude>
    <ClInclude Include="Input.h">
      <Filter>Source Files</Filter>
    </ClInclude>
    <ClInclude Include="Light.h">
      <Filter>Source Files</Filter>
    </ClInclude>
    <ClInclude Include="LightShader.h">
      <Filter>Source Files</Filter>
    </ClInclude>
    <ClInclude Include="ReleasePtr.h">
      <Filter>Source Files</Filter>
    </ClInclude>
    <ClInclude Include="SphereModel.h">
      <Filter>Source Files</Filter>
    </ClInclude>
    <ClInclude Include="System.h">
      <Filter>Source Files</Filter>
    </ClInclude>
    <ClInclude Include="Texture.h">
      <Filter>Source Files</Filter>
    </ClInclude>
  </ItemGroup>
  <ItemGroup>
    <ClCompile Include="Main.cpp">
      <Filter>Source Files</Filter>
    </ClCompile>
    <ClCompile Include="Application.cpp">
      <Filter>Source Files</Filter>
    </ClCompile>
    <ClCompile Include="D3D.cpp">
      <Filter>Source Files</Filter>
    </ClCompile>
    <ClCompile Include="Input.cpp">
      <Filter>Source Files</Filter>
    </ClCompile>
    <ClCompile Include="System.cpp">
      <Filter>Source Files</Filter>
    </ClCompile>
    <ClCompile Include="Model.cpp">
      <Filter>Source Files</Filter>
    </ClCompile>
    <ClCompile Include="Camera.cpp">
      <Filter>Source Files</Filter>
    </ClCompile>
    <ClCompile Include="Texture.cpp">
      <Filter>Source Files</Filter>
    </ClCompile>
    <ClCompile Include="LightShader.cpp">
      <Filter>Source Files</Filter>
    </ClCompile>
    <ClCompile Include="SphereModel.cpp">
      <Filter>Source Files</Filter>
    </ClCompile>
    <ClCompile Include="Model.h">
      <Filter>Source Files</Filter>
    </ClCompile>
  </ItemGroup>
  <ItemGroup>
    <None Include="Light.ps" />
    <None Include="Light.vs" />
  </ItemGroup>
</Project>